{
  "version": 4,
  "terraform_version": "1.2.8",
  "serial": 11,
  "lineage": "8c0354e3-6b8d-4d58-58da-aee130cf784c",
  "outputs": {},
  "resources": [
    {
      "mode": "managed",
      "type": "google_storage_bucket",
      "name": "bgcp23",
      "provider": "provider[\"registry.terraform.io/hashicorp/google\"]",
      "instances": [
        {
          "schema_version": 0,
          "attributes": {
            "cors": [],
            "default_event_based_hold": false,
            "encryption": [],
            "force_destroy": false,
            "id": "obj_storage_terra",
            "labels": null,
            "lifecycle_rule": [],
            "location": "US-WEST1",
            "logging": [],
            "name": "obj_storage_terra",
            "project": "my-new-project-361007",
            "requester_pays": false,
            "retention_policy": [],
            "self_link": "https://www.googleapis.com/storage/v1/b/obj_storage_terra",
            "storage_class": "COLDLINE",
            "timeouts": null,
            "uniform_bucket_level_access": true,
            "url": "gs://obj_storage_terra",
            "versioning": [],
            "website": []
          },
          "sensitive_attributes": [],
          "private": "eyJlMmJmYjczMC1lY2FhLTExZTYtOGY4OC0zNDM2M2JjN2M0YzAiOnsiY3JlYXRlIjoyNDAwMDAwMDAwMDAsInJlYWQiOjI0MDAwMDAwMDAwMCwidXBkYXRlIjoyNDAwMDAwMDAwMDB9fQ=="
        }
      ]
    }
  ]
}
