{
  "version": 4,
  "terraform_version": "1.2.8",
  "serial": 13,
  "lineage": "8c0354e3-6b8d-4d58-58da-aee130cf784c",
  "outputs": {},
  "resources": [
    {
      "mode": "managed",
      "type": "google_storage_bucket",
      "name": "bgcp23",
      "provider": "provider[\"registry.terraform.io/hashicorp/google\"]",
      "instances": [
        {
          "schema_version": 0,
          "attributes": {
            "cors": [],
            "default_event_based_hold": false,
            "encryption": [],
            "force_destroy": false,
            "id": "obj_storage_terra",
            "labels": {},
            "lifecycle_rule": [],
            "location": "US-WEST1",
            "logging": [],
            "name": "obj_storage_terra",
            "project": "my-new-project-361007",
            "requester_pays": false,
            "retention_policy": [],
            "self_link": "https://www.googleapis.com/storage/v1/b/obj_storage_terra",
            "storage_class": "COLDLINE",
            "timeouts": null,
            "uniform_bucket_level_access": true,
            "url": "gs://obj_storage_terra",
            "versioning": [],
            "website": []
          },
          "sensitive_attributes": [],
          "private": "eyJlMmJmYjczMC1lY2FhLTExZTYtOGY4OC0zNDM2M2JjN2M0YzAiOnsiY3JlYXRlIjoyNDAwMDAwMDAwMDAsInJlYWQiOjI0MDAwMDAwMDAwMCwidXBkYXRlIjoyNDAwMDAwMDAwMDB9fQ=="
        }
      ]
    },
    {
      "mode": "managed",
      "type": "google_storage_bucket_object",
      "name": "picture",
      "provider": "provider[\"registry.terraform.io/hashicorp/google\"]",
      "instances": [
        {
          "schema_version": 0,
          "attributes": {
            "bucket": "obj_storage_terra",
            "cache_control": "",
            "content": null,
            "content_disposition": "",
            "content_encoding": "",
            "content_language": "",
            "content_type": "image/png",
            "crc32c": "YeFUnw==",
            "customer_encryption": [],
            "detect_md5hash": "LI1oZ66Zh9O7hWPuiNlBqQ==",
            "event_based_hold": false,
            "id": "obj_storage_terra-jenkins_logo",
            "kms_key_name": "",
            "md5hash": "LI1oZ66Zh9O7hWPuiNlBqQ==",
            "media_link": "https://storage.googleapis.com/download/storage/v1/b/obj_storage_terra/o/jenkins_logo?generation=1663915345854313\u0026alt=media",
            "metadata": null,
            "name": "jenkins_logo",
            "output_name": "jenkins_logo",
            "self_link": "https://www.googleapis.com/storage/v1/b/obj_storage_terra/o/jenkins_logo",
            "source": "Picture1.png",
            "storage_class": "COLDLINE",
            "temporary_hold": false,
            "timeouts": null
          },
          "sensitive_attributes": [],
          "private": "eyJlMmJmYjczMC1lY2FhLTExZTYtOGY4OC0zNDM2M2JjN2M0YzAiOnsiY3JlYXRlIjoyNDAwMDAwMDAwMDAsImRlbGV0ZSI6MjQwMDAwMDAwMDAwLCJ1cGRhdGUiOjI0MDAwMDAwMDAwMH19",
          "dependencies": [
            "google_storage_bucket.bgcp23"
          ]
        }
      ]
    }
  ]
}
